
Microsoft Visual Studio Solution File, Format Version 12.00
# Visual Studio Version 16
VisualStudioVersion = 16.0.30011.22
MinimumVisualStudioVersion = 10.0.40219.1
Project("{9A19103F-16F7-4668-BE54-9A1E7A4F7556}") = "DataLayer", "DataLayer\DataLayer.csproj", "{92CF4A65-9793-419F-B4DF-995E9F219166}"
EndProject
Project("{9A19103F-16F7-4668-BE54-9A1E7A4F7556}") = "LogicLayer", "LogicLayer\LogicLayer.csproj", "{BF549DF1-1BF7-4358-8B47-DB00ABF11CCE}"
EndProject
Project("{FAE04EC0-301F-11D3-BF4B-00C04F79EFBC}") = "MyApi", "MyApi\MyApi.csproj", "{FBB79B9F-5FEA-4C36-9ED9-4ABD80C7F6B7}"
EndProject
Global
	GlobalSection(SolutionConfigurationPlatforms) = preSolution
		Debug|Any CPU = Debug|Any CPU
		Release|Any CPU = Release|Any CPU
	EndGlobalSection
	GlobalSection(ProjectConfigurationPlatforms) = postSolution
		{92CF4A65-9793-419F-B4DF-995E9F219166}.Debug|Any CPU.ActiveCfg = Debug|Any CPU
		{92CF4A65-9793-419F-B4DF-995E9F219166}.Debug|Any CPU.Build.0 = Debug|Any CPU
		{92CF4A65-9793-419F-B4DF-995E9F219166}.Release|Any CPU.ActiveCfg = Release|Any CPU
		{92CF4A65-9793-419F-B4DF-995E9F219166}.Release|Any CPU.Build.0 = Release|Any CPU
		{BF549DF1-1BF7-4358-8B47-DB00ABF11CCE}.Debug|Any CPU.ActiveCfg = Debug|Any CPU
		{BF549DF1-1BF7-4358-8B47-DB00ABF11CCE}.Debug|Any CPU.Build.0 = Debug|Any CPU
		{BF549DF1-1BF7-4358-8B47-DB00ABF11CCE}.Release|Any CPU.ActiveCfg = Release|Any CPU
		{BF549DF1-1BF7-4358-8B47-DB00ABF11CCE}.Release|Any CPU.Build.0 = Release|Any CPU
		{FBB79B9F-5FEA-4C36-9ED9-4ABD80C7F6B7}.Debug|Any CPU.ActiveCfg = Debug|Any CPU
		{FBB79B9F-5FEA-4C36-9ED9-4ABD80C7F6B7}.Debug|Any CPU.Build.0 = Debug|Any CPU
		{FBB79B9F-5FEA-4C36-9ED9-4ABD80C7F6B7}.Release|Any CPU.ActiveCfg = Release|Any CPU
		{FBB79B9F-5FEA-4C36-9ED9-4ABD80C7F6B7}.Release|Any CPU.Build.0 = Release|Any CPU
	EndGlobalSection
	GlobalSection(SolutionProperties) = preSolution
		HideSolutionNode = FALSE
	EndGlobalSection
	GlobalSection(ExtensibilityGlobals) = postSolution
		SolutionGuid = {D768CF50-83C9-4420-A625-3392117AF2E3}
	EndGlobalSection
EndGlobal
